
Microsoft Visual Studio Solution File, Format Version 12.00
# Visual Studio Version 16
VisualStudioVersion = 16.0.30804.86
MinimumVisualStudioVersion = 10.0.40219.1
Project("{9A19103F-16F7-4668-BE54-9A1E7A4F7556}") = "WpfApp1", "WpfApp1.csproj", "{8CBB0450-AD07-4A6C-A3CD-8EAC83BEC31A}"
EndProject
Global
	GlobalSection(SolutionConfigurationPlatforms) = preSolution
		Debug|Any CPU = Debug|Any CPU
		Release|Any CPU = Release|Any CPU
	EndGlobalSection
	GlobalSection(ProjectConfigurationPlatforms) = postSolution
		{8CBB0450-AD07-4A6C-A3CD-8EAC83BEC31A}.Debug|Any CPU.ActiveCfg = Debug|Any CPU
		{8CBB0450-AD07-4A6C-A3CD-8EAC83BEC31A}.Debug|Any CPU.Build.0 = Debug|Any CPU
		{8CBB0450-AD07-4A6C-A3CD-8EAC83BEC31A}.Release|Any CPU.ActiveCfg = Release|Any CPU
		{8CBB0450-AD07-4A6C-A3CD-8EAC83BEC31A}.Release|Any CPU.Build.0 = Release|Any CPU
	EndGlobalSection
	GlobalSection(SolutionProperties) = preSolution
		HideSolutionNode = FALSE
	EndGlobalSection
	GlobalSection(ExtensibilityGlobals) = postSolution
		SolutionGuid = {689ED2E4-1CA1-4AB6-91FE-495838CF2952}
	EndGlobalSection
EndGlobal
